
Microsoft Visual Studio Solution File, Format Version 12.00
Project("{FAE04EC0-301F-11D3-BF4B-00C04F79EFBC}") = "AuthorizationService.AppHost", "AuthorizationService.AppHost\AuthorizationService.AppHost.csproj", "{1E5932D5-15FB-474C-A012-0A3FB9116604}"
EndProject
Project("{FAE04EC0-301F-11D3-BF4B-00C04F79EFBC}") = "AuthorizationService.Db", "AuthorizationService.Db\AuthorizationService.Db.csproj", "{3B8AAB4D-DA28-4446-858B-C2999829C121}"
EndProject
Project("{FAE04EC0-301F-11D3-BF4B-00C04F79EFBC}") = "AuthorizationService.Application", "AuthorizationService.Application\AuthorizationService.Application.csproj", "{07C568BF-54E3-4F95-A2F1-23CE1FA34956}"
EndProject
Project("{FAE04EC0-301F-11D3-BF4B-00C04F79EFBC}") = "AuthorizationService.Tests", "AuthorizationService.Tests\AuthorizationService.Tests.csproj", "{4C44595D-9441-42BE-909D-E8F67B94753F}"
EndProject
Global
	GlobalSection(SolutionConfigurationPlatforms) = preSolution
		Debug|Any CPU = Debug|Any CPU
		Release|Any CPU = Release|Any CPU
	EndGlobalSection
	GlobalSection(ProjectConfigurationPlatforms) = postSolution
		{1E5932D5-15FB-474C-A012-0A3FB9116604}.Debug|Any CPU.ActiveCfg = Debug|Any CPU
		{1E5932D5-15FB-474C-A012-0A3FB9116604}.Debug|Any CPU.Build.0 = Debug|Any CPU
		{1E5932D5-15FB-474C-A012-0A3FB9116604}.Release|Any CPU.ActiveCfg = Release|Any CPU
		{1E5932D5-15FB-474C-A012-0A3FB9116604}.Release|Any CPU.Build.0 = Release|Any CPU
		{3B8AAB4D-DA28-4446-858B-C2999829C121}.Debug|Any CPU.ActiveCfg = Debug|Any CPU
		{3B8AAB4D-DA28-4446-858B-C2999829C121}.Debug|Any CPU.Build.0 = Debug|Any CPU
		{3B8AAB4D-DA28-4446-858B-C2999829C121}.Release|Any CPU.ActiveCfg = Release|Any CPU
		{3B8AAB4D-DA28-4446-858B-C2999829C121}.Release|Any CPU.Build.0 = Release|Any CPU
		{07C568BF-54E3-4F95-A2F1-23CE1FA34956}.Debug|Any CPU.ActiveCfg = Debug|Any CPU
		{07C568BF-54E3-4F95-A2F1-23CE1FA34956}.Debug|Any CPU.Build.0 = Debug|Any CPU
		{07C568BF-54E3-4F95-A2F1-23CE1FA34956}.Release|Any CPU.ActiveCfg = Release|Any CPU
		{07C568BF-54E3-4F95-A2F1-23CE1FA34956}.Release|Any CPU.Build.0 = Release|Any CPU
		{4C44595D-9441-42BE-909D-E8F67B94753F}.Debug|Any CPU.ActiveCfg = Debug|Any CPU
		{4C44595D-9441-42BE-909D-E8F67B94753F}.Debug|Any CPU.Build.0 = Debug|Any CPU
		{4C44595D-9441-42BE-909D-E8F67B94753F}.Release|Any CPU.ActiveCfg = Release|Any CPU
		{4C44595D-9441-42BE-909D-E8F67B94753F}.Release|Any CPU.Build.0 = Release|Any CPU
	EndGlobalSection
EndGlobal
